
Microsoft Visual Studio Solution File, Format Version 12.00
# Visual Studio Version 16
VisualStudioVersion = 16.0.34031.81
MinimumVisualStudioVersion = 10.0.40219.1
Project("{FAE04EC0-301F-11D3-BF4B-00C04F79EFBC}") = "Assignment", "Assignment\Assignment.csproj", "{5EB6A1E9-6C12-444B-9446-789516470B52}"
EndProject
Global
	GlobalSection(SolutionConfigurationPlatforms) = preSolution
		Debug|Any CPU = Debug|Any CPU
		Release|Any CPU = Release|Any CPU
	EndGlobalSection
	GlobalSection(ProjectConfigurationPlatforms) = postSolution
		{5EB6A1E9-6C12-444B-9446-789516470B52}.Debug|Any CPU.ActiveCfg = Debug|Any CPU
		{5EB6A1E9-6C12-444B-9446-789516470B52}.Debug|Any CPU.Build.0 = Debug|Any CPU
		{5EB6A1E9-6C12-444B-9446-789516470B52}.Release|Any CPU.ActiveCfg = Release|Any CPU
		{5EB6A1E9-6C12-444B-9446-789516470B52}.Release|Any CPU.Build.0 = Release|Any CPU
	EndGlobalSection
	GlobalSection(SolutionProperties) = preSolution
		HideSolutionNode = FALSE
	EndGlobalSection
	GlobalSection(ExtensibilityGlobals) = postSolution
		SolutionGuid = {7D1937A9-2BE5-402A-BFC7-C3FFFA650E57}
	EndGlobalSection
EndGlobal
